
Microsoft Visual Studio Solution File, Format Version 12.00
# Visual Studio Version 17
VisualStudioVersion = 17.6.33723.286
MinimumVisualStudioVersion = 10.0.40219.1
Project("{9A19103F-16F7-4668-BE54-9A1E7A4F7556}") = "UnitTestingInNet_FinalProject", "UnitTestingInNet_FinalProject\UnitTestingInNet_FinalProject.csproj", "{C1759490-9AC9-4C9B-823D-078551ADB639}"
EndProject
Project("{FAE04EC0-301F-11D3-BF4B-00C04F79EFBC}") = "StoreUnitTesting", "StoreUnitTesting\StoreUnitTesting.csproj", "{36420D2F-9046-4D21-A743-B7C83D536EE5}"
EndProject
Global
	GlobalSection(SolutionConfigurationPlatforms) = preSolution
		Debug|Any CPU = Debug|Any CPU
		Release|Any CPU = Release|Any CPU
	EndGlobalSection
	GlobalSection(ProjectConfigurationPlatforms) = postSolution
		{C1759490-9AC9-4C9B-823D-078551ADB639}.Debug|Any CPU.ActiveCfg = Debug|Any CPU
		{C1759490-9AC9-4C9B-823D-078551ADB639}.Debug|Any CPU.Build.0 = Debug|Any CPU
		{C1759490-9AC9-4C9B-823D-078551ADB639}.Release|Any CPU.ActiveCfg = Release|Any CPU
		{C1759490-9AC9-4C9B-823D-078551ADB639}.Release|Any CPU.Build.0 = Release|Any CPU
		{36420D2F-9046-4D21-A743-B7C83D536EE5}.Debug|Any CPU.ActiveCfg = Debug|Any CPU
		{36420D2F-9046-4D21-A743-B7C83D536EE5}.Debug|Any CPU.Build.0 = Debug|Any CPU
		{36420D2F-9046-4D21-A743-B7C83D536EE5}.Release|Any CPU.ActiveCfg = Release|Any CPU
		{36420D2F-9046-4D21-A743-B7C83D536EE5}.Release|Any CPU.Build.0 = Release|Any CPU
	EndGlobalSection
	GlobalSection(SolutionProperties) = preSolution
		HideSolutionNode = FALSE
	EndGlobalSection
	GlobalSection(ExtensibilityGlobals) = postSolution
		SolutionGuid = {5A972B9A-D1C0-4E77-81EE-3E2312476D28}
	EndGlobalSection
EndGlobal
